
Microsoft Visual Studio Solution File, Format Version 12.00
# Visual Studio Version 17
VisualStudioVersion = 17.14.36616.10 d17.14
MinimumVisualStudioVersion = 10.0.40219.1
Project("{FAE04EC0-301F-11D3-BF4B-00C04F79EFBC}") = "TestePraticoIEL", "TestePraticoIEL\TestePraticoIEL.csproj", "{B393B27D-673C-4DEF-9896-7C285E1E56CE}"
EndProject
Global
	GlobalSection(SolutionConfigurationPlatforms) = preSolution
		Debug|Any CPU = Debug|Any CPU
		Release|Any CPU = Release|Any CPU
	EndGlobalSection
	GlobalSection(ProjectConfigurationPlatforms) = postSolution
		{B393B27D-673C-4DEF-9896-7C285E1E56CE}.Debug|Any CPU.ActiveCfg = Debug|Any CPU
		{B393B27D-673C-4DEF-9896-7C285E1E56CE}.Debug|Any CPU.Build.0 = Debug|Any CPU
		{B393B27D-673C-4DEF-9896-7C285E1E56CE}.Release|Any CPU.ActiveCfg = Release|Any CPU
		{B393B27D-673C-4DEF-9896-7C285E1E56CE}.Release|Any CPU.Build.0 = Release|Any CPU
	EndGlobalSection
	GlobalSection(SolutionProperties) = preSolution
		HideSolutionNode = FALSE
	EndGlobalSection
	GlobalSection(ExtensibilityGlobals) = postSolution
		SolutionGuid = {B7C7F422-A1C2-4AF1-AD28-EDE565A80A72}
	EndGlobalSection
EndGlobal
